# THIS IS AN AUTOGENERATED FILE. DO NOT EDIT THIS FILE DIRECTLY.
# yarn lockfile v1


"@types/node-forge@^0.7.11":
  version "0.7.12"
  resolved "https://registry.yarnpkg.com/@types/node-forge/-/node-forge-0.7.12.tgz#24b0bbbbc2c8163379e976a8fd27c7950a271cbc"
  integrity sha512-cLUoHEUZvAW6bX1mAwi2n1DHcwZ0fSzpmKiMf0AVK2sN4wQhy+IkHdHLGNq8I1/2ePsjraEpKRPlJ3eYMy0iVg==
  dependencies:
    "@types/node" "*"

"@types/node@*":
  version "11.13.0"
  resolved "https://registry.yarnpkg.com/@types/node/-/node-11.13.0.tgz#b0df8d6ef9b5001b2be3a94d909ce3c29a80f9e1"
  integrity sha512-rx29MMkRdVmzunmiA4lzBYJNnXsW/PhG4kMBy2ATsYaDjGGR75dCFEVVROKpNwlVdcUX3xxlghKQOeDPBJobng==

"@types/shortid@^0.0.29":
  version "0.0.29"
  resolved "https://registry.yarnpkg.com/@types/shortid/-/shortid-0.0.29.tgz#8093ee0416a6e2bf2aa6338109114b3fbffa0e9b"
  integrity sha1-gJPuBBam4r8qpjOBCRFLP7/6Dps=

"@types/socket.io-client@^1.4.32":
  version "1.4.32"
  resolved "https://registry.yarnpkg.com/@types/socket.io-client/-/socket.io-client-1.4.32.tgz#988a65a0386c274b1c22a55377fab6a30789ac14"
  integrity sha512-Vs55Kq8F+OWvy1RLA31rT+cAyemzgm0EWNeax6BWF8H7QiiOYMJIdcwSDdm5LVgfEkoepsWkS+40+WNb7BUMbg==

"@types/socket.io@^2.1.2":
  version "2.1.2"
  resolved "https://registry.yarnpkg.com/@types/socket.io/-/socket.io-2.1.2.tgz#7165c2587cc3b86b44aa78e2a0060140551de211"
  integrity sha512-Ind+4qMNfQ62llyB4IMs1D8znMEBsMKohZBPqfBUIXqLQ9bdtWIbNTBWwtdcBWJKnokMZGcmWOOKslatni5vtA==
  dependencies:
    "@types/node" "*"

accepts@~1.3.4:
  version "1.3.5"
  resolved "https://registry.yarnpkg.com/accepts/-/accepts-1.3.5.tgz#eb777df6011723a3b14e8a72c0805c8e86746bd2"
  integrity sha1-63d99gEXI6OxTopywIBcjoZ0a9I=
  dependencies:
    mime-types "~2.1.18"
    negotiator "0.6.1"

after@0.8.2:
  version "0.8.2"
  resolved "https://registry.yarnpkg.com/after/-/after-0.8.2.tgz#fedb394f9f0e02aa9768e702bda23b505fae7e1f"
  integrity sha1-/ts5T58OAqqXaOcCvaI7UF+ufh8=

arraybuffer.slice@~0.0.7:
  version "0.0.7"
  resolved "https://registry.yarnpkg.com/arraybuffer.slice/-/arraybuffer.slice-0.0.7.tgz#3bbc4275dd584cc1b10809b89d4e8b63a69e7675"
  integrity sha512-wGUIVQXuehL5TCqQun8OW81jGzAWycqzFF8lFp+GOM5BXLYj3bKNsYC4daB7n6XjCqxQA/qgTJ+8ANR3acjrog==

async-limiter@~1.0.0:
  version "1.0.0"
  resolved "https://registry.yarnpkg.com/async-limiter/-/async-limiter-1.0.0.tgz#78faed8c3d074ab81f22b4e985d79e8738f720f8"
  integrity sha512-jp/uFnooOiO+L211eZOoSyzpOITMXx1rBITauYykG3BRYPu8h0UcxsPNB04RR5vo4Tyz3+ay17tR6JVf9qzYWg==

backo2@1.0.2:
  version "1.0.2"
  resolved "https://registry.yarnpkg.com/backo2/-/backo2-1.0.2.tgz#31ab1ac8b129363463e35b3ebb69f4dfcfba7947"
  integrity sha1-MasayLEpNjRj41s+u2n038+6eUc=

base64-arraybuffer@0.1.5:
  version "0.1.5"
  resolved "https://registry.yarnpkg.com/base64-arraybuffer/-/base64-arraybuffer-0.1.5.tgz#73926771923b5a19747ad666aa5cd4bf9c6e9ce8"
  integrity sha1-c5JncZI7Whl0etZmqlzUv5xunOg=

base64id@1.0.0:
  version "1.0.0"
  resolved "https://registry.yarnpkg.com/base64id/-/base64id-1.0.0.tgz#47688cb99bb6804f0e06d3e763b1c32e57d8e6b6"
  integrity sha1-R2iMuZu2gE8OBtPnY7HDLlfY5rY=

better-assert@~1.0.0:
  version "1.0.2"
  resolved "https://registry.yarnpkg.com/better-assert/-/better-assert-1.0.2.tgz#40866b9e1b9e0b55b481894311e68faffaebc522"
  integrity sha1-QIZrnhueC1W0gYlDEeaPr/rrxSI=
  dependencies:
    callsite "1.0.0"

better-sqlite3@^5.4.0:
  version "5.4.0"
  resolved "https://registry.yarnpkg.com/better-sqlite3/-/better-sqlite3-5.4.0.tgz#88c4894f6c0484dc0a89a9ba12268976cd26b1da"
  integrity sha512-Uj1ZYOcq1GtFyFgJgqMVDoDLTy1B1pM9+bULnlX8szRX4cPjE/7JbKxCzQGhYlZlLkHQvtXXhCZ3skqsQ2byMA==
  dependencies:
    integer "^2.1.0"
    tar "^4.4.6"

blob@0.0.5:
  version "0.0.5"
  resolved "https://registry.yarnpkg.com/blob/-/blob-0.0.5.tgz#d680eeef25f8cd91ad533f5b01eed48e64caf683"
  integrity sha512-gaqbzQPqOoamawKg0LGVd7SzLgXS+JH61oWprSLH+P+abTczqJbhTR8CmJ2u9/bUYNmHTGJx/UEmn6doAvvuig==

callsite@1.0.0:
  version "1.0.0"
  resolved "https://registry.yarnpkg.com/callsite/-/callsite-1.0.0.tgz#280398e5d664bd74038b6f0905153e6e8af1bc20"
  integrity sha1-KAOY5dZkvXQDi28JBRU+borxvCA=

chownr@^1.1.1:
  version "1.1.1"
  resolved "https://registry.yarnpkg.com/chownr/-/chownr-1.1.1.tgz#54726b8b8fff4df053c42187e801fb4412df1494"
  integrity sha512-j38EvO5+LHX84jlo6h4UzmOwi0UgW61WRyPtJz4qaadK5eY3BTS5TY/S1Stc3Uk2lIM6TPevAlULiEJwie860g==

component-bind@1.0.0:
  version "1.0.0"
  resolved "https://registry.yarnpkg.com/component-bind/-/component-bind-1.0.0.tgz#00c608ab7dcd93897c0009651b1d3a8e1e73bbd1"
  integrity sha1-AMYIq33Nk4l8AAllGx06jh5zu9E=

component-emitter@1.2.1:
  version "1.2.1"
  resolved "https://registry.yarnpkg.com/component-emitter/-/component-emitter-1.2.1.tgz#137918d6d78283f7df7a6b7c5a63e140e69425e6"
  integrity sha1-E3kY1teCg/ffemt8WmPhQOaUJeY=

component-inherit@0.0.3:
  version "0.0.3"
  resolved "https://registry.yarnpkg.com/component-inherit/-/component-inherit-0.0.3.tgz#645fc4adf58b72b649d5cae65135619db26ff143"
  integrity sha1-ZF/ErfWLcrZJ1crmUTVhnbJv8UM=

cookie@0.3.1:
  version "0.3.1"
  resolved "https://registry.yarnpkg.com/cookie/-/cookie-0.3.1.tgz#e7e0a1f9ef43b4c8ba925c5c5a96e806d16873bb"
  integrity sha1-5+Ch+e9DtMi6klxcWpboBtFoc7s=

debe-better-sqlite3@^1.0.20:
  version "1.0.20"
  resolved "https://registry.yarnpkg.com/debe-better-sqlite3/-/debe-better-sqlite3-1.0.20.tgz#c1109b453ee166a621007214fb1575f81bdd40cc"
  integrity sha512-dXSnGffVaI6RRbIYHmWu2GDhCWDBr2uNfnbta/bYITF4UNuhnkKeixiW0lSu59mNlTOJaM0/ygxp9srWGYa8iw==
  dependencies:
    better-sqlite3 "^5.4.0"
    debe "1.0.20"
    debe-sql "1.0.20"
    tslib "^1.9.3"

debe-sql@1.0.20:
  version "1.0.20"
  resolved "https://registry.yarnpkg.com/debe-sql/-/debe-sql-1.0.20.tgz#d8c9b8de5f6ac5f1719a55d7c35c86ad95f836ad"
  integrity sha512-6FRpQMy+PAk9h+xmn9x+jLOpmaUKRGNy3dCVKh+kKwCns8b9PNzEyBTAxyBQEk4BPyzVo7vWM7EW4N15Y8mv7A==
  dependencies:
    tslib "^1.9.3"

debe-sync-server@^1.0.20:
  version "1.0.20"
  resolved "https://registry.yarnpkg.com/debe-sync-server/-/debe-sync-server-1.0.20.tgz#79f184496ef2090800bcd965218cc9af57da78a0"
  integrity sha512-6VRZOAj0KzFsAWAMlLrw5BvOZ5YX5bwO8Dqb0zgKzv/bWS9yoZ1X/abSnnNO+bxHISZPYb+d9i5Pzudfp9Jn4g==
  dependencies:
    debe-sync "1.0.20"
    rpc1 "^1.0.1"
    rpc1-socket-server "^1.0.1"
    tslib "^1.9.3"

debe-sync@1.0.20, debe-sync@^1.0.20:
  version "1.0.20"
  resolved "https://registry.yarnpkg.com/debe-sync/-/debe-sync-1.0.20.tgz#fb68bc9a842d197cb1686d8ff5e35b569a71c67d"
  integrity sha512-jbP3AI0XDOUEBNwRZsGDR/b8pF3Z1tUb8zvHCsY5JIzSqt0PaVqSc0Qo1xElkNknHLhvXxpImUa/PbkJvmNDAQ==
  dependencies:
    rpc1 "^1.0.1"
    rpc1-socket "^1.0.1"
    tslib "^1.9.3"

debe@1.0.20, debe@^1.0.20:
  version "1.0.20"
  resolved "https://registry.yarnpkg.com/debe/-/debe-1.0.20.tgz#d2403c43588079a2de4307e91b20cd480d44b143"
  integrity sha512-KI3kUXayb4kh//sRU6B4LWN7ADClh/Sd+dIqUTF4ipyqm36xNWbSyN1QsM5D4KKbv+zQhXBo+0RWHoTH4X57+Q==
  dependencies:
    flowzilla "^1.0.4"
    tslib "^1.9.3"
    uuid4 "^1.1.4"

debug@~3.1.0:
  version "3.1.0"
  resolved "https://registry.yarnpkg.com/debug/-/debug-3.1.0.tgz#5bb5a0672628b64149566ba16819e61518c67261"
  integrity sha512-OX8XqP7/1a9cqkxYw2yXss15f26NKWBpDXQd0/uK/KPqdQhxbPa994hnzjcE2VqQpDslf55723cKPUOGSmMY3g==
  dependencies:
    ms "2.0.0"

debug@~4.1.0:
  version "4.1.1"
  resolved "https://registry.yarnpkg.com/debug/-/debug-4.1.1.tgz#3b72260255109c6b589cee050f1d516139664791"
  integrity sha512-pYAIzeRo8J6KPEaJ0VWOh5Pzkbw/RetuzehGM7QRRX5he4fPHx2rdKMB256ehJCkX+XRQm16eZLqLNS8RSZXZw==
  dependencies:
    ms "^2.1.1"

engine.io-client@~3.3.1:
  version "3.3.2"
  resolved "https://registry.yarnpkg.com/engine.io-client/-/engine.io-client-3.3.2.tgz#04e068798d75beda14375a264bb3d742d7bc33aa"
  integrity sha512-y0CPINnhMvPuwtqXfsGuWE8BB66+B6wTtCofQDRecMQPYX3MYUZXFNKDhdrSe3EVjgOu4V3rxdeqN/Tr91IgbQ==
  dependencies:
    component-emitter "1.2.1"
    component-inherit "0.0.3"
    debug "~3.1.0"
    engine.io-parser "~2.1.1"
    has-cors "1.1.0"
    indexof "0.0.1"
    parseqs "0.0.5"
    parseuri "0.0.5"
    ws "~6.1.0"
    xmlhttprequest-ssl "~1.5.4"
    yeast "0.1.2"

engine.io-parser@~2.1.0, engine.io-parser@~2.1.1:
  version "2.1.3"
  resolved "https://registry.yarnpkg.com/engine.io-parser/-/engine.io-parser-2.1.3.tgz#757ab970fbf2dfb32c7b74b033216d5739ef79a6"
  integrity sha512-6HXPre2O4Houl7c4g7Ic/XzPnHBvaEmN90vtRO9uLmwtRqQmTOw0QMevL1TOfL2Cpu1VzsaTmMotQgMdkzGkVA==
  dependencies:
    after "0.8.2"
    arraybuffer.slice "~0.0.7"
    base64-arraybuffer "0.1.5"
    blob "0.0.5"
    has-binary2 "~1.0.2"

engine.io@~3.3.1:
  version "3.3.2"
  resolved "https://registry.yarnpkg.com/engine.io/-/engine.io-3.3.2.tgz#18cbc8b6f36e9461c5c0f81df2b830de16058a59"
  integrity sha512-AsaA9KG7cWPXWHp5FvHdDWY3AMWeZ8x+2pUVLcn71qE5AtAzgGbxuclOytygskw8XGmiQafTmnI9Bix3uihu2w==
  dependencies:
    accepts "~1.3.4"
    base64id "1.0.0"
    cookie "0.3.1"
    debug "~3.1.0"
    engine.io-parser "~2.1.0"
    ws "~6.1.0"

events@^3.0.0:
  version "3.0.0"
  resolved "https://registry.yarnpkg.com/events/-/events-3.0.0.tgz#9a0a0dfaf62893d92b875b8f2698ca4114973e88"
  integrity sha512-Dc381HFWJzEOhQ+d8pkNon++bk9h6cdAoAj4iE6Q4y6xgTzySWXlKn05/TVNpjnfRqi/X0EpJEJohPjNI3zpVA==

find-free-port@^2.0.0:
  version "2.0.0"
  resolved "https://registry.yarnpkg.com/find-free-port/-/find-free-port-2.0.0.tgz#4b22e5f6579eb1a38c41ac6bcb3efed1b6da9b1b"
  integrity sha1-SyLl9leesaOMQaxryz7+0bbamxs=

flowzilla@^1.0.4:
  version "1.0.4"
  resolved "https://registry.yarnpkg.com/flowzilla/-/flowzilla-1.0.4.tgz#eeb0a9d2c0baf92075accc4148d97acd8dcc7bfb"
  integrity sha512-Hf7GfZIJoBMUQaeGbKv8iOPRHRuLgtorRjQRY9xQQ5SJCTZuX2gTzLQkT2FGBxsnHodihMjpy2kTjb/EXzgt3w==
  dependencies:
    tslib "^1.9.3"

fs-minipass@^1.2.5:
  version "1.2.5"
  resolved "https://registry.yarnpkg.com/fs-minipass/-/fs-minipass-1.2.5.tgz#06c277218454ec288df77ada54a03b8702aacb9d"
  integrity sha512-JhBl0skXjUPCFH7x6x61gQxrKyXsxB5gcgePLZCwfyCGGsTISMoIeObbrvVeP6Xmyaudw4TT43qV2Gz+iyd2oQ==
  dependencies:
    minipass "^2.2.1"

has-binary2@~1.0.2:
  version "1.0.3"
  resolved "https://registry.yarnpkg.com/has-binary2/-/has-binary2-1.0.3.tgz#7776ac627f3ea77250cfc332dab7ddf5e4f5d11d"
  integrity sha512-G1LWKhDSvhGeAQ8mPVQlqNcOB2sJdwATtZKl2pDKKHfpf/rYj24lkinxf69blJbnsvtqqNU+L3SL50vzZhXOnw==
  dependencies:
    isarray "2.0.1"

has-cors@1.1.0:
  version "1.1.0"
  resolved "https://registry.yarnpkg.com/has-cors/-/has-cors-1.1.0.tgz#5e474793f7ea9843d1bb99c23eef49ff126fff39"
  integrity sha1-XkdHk/fqmEPRu5nCPu9J/xJv/zk=

indexof@0.0.1:
  version "0.0.1"
  resolved "https://registry.yarnpkg.com/indexof/-/indexof-0.0.1.tgz#82dc336d232b9062179d05ab3293a66059fd435d"
  integrity sha1-gtwzbSMrkGIXnQWrMpOmYFn9Q10=

integer@^2.1.0:
  version "2.1.0"
  resolved "https://registry.yarnpkg.com/integer/-/integer-2.1.0.tgz#29134ea2f7ba3362ed4dbe6bcca992b1f18ff276"
  integrity sha512-vBtiSgrEiNocWvvZX1RVfeOKa2mCHLZQ2p9nkQkQZ/BvEiY+6CcUz0eyjvIiewjJoeNidzg2I+tpPJvpyspL1w==

isarray@2.0.1:
  version "2.0.1"
  resolved "https://registry.yarnpkg.com/isarray/-/isarray-2.0.1.tgz#a37d94ed9cda2d59865c9f76fe596ee1f338741e"
  integrity sha1-o32U7ZzaLVmGXJ92/llu4fM4dB4=

mime-db@~1.38.0:
  version "1.38.0"
  resolved "https://registry.yarnpkg.com/mime-db/-/mime-db-1.38.0.tgz#1a2aab16da9eb167b49c6e4df2d9c68d63d8e2ad"
  integrity sha512-bqVioMFFzc2awcdJZIzR3HjZFX20QhilVS7hytkKrv7xFAn8bM1gzc/FOX2awLISvWe0PV8ptFKcon+wZ5qYkg==

mime-types@~2.1.18:
  version "2.1.22"
  resolved "https://registry.yarnpkg.com/mime-types/-/mime-types-2.1.22.tgz#fe6b355a190926ab7698c9a0556a11199b2199bd"
  integrity sha512-aGl6TZGnhm/li6F7yx82bJiBZwgiEa4Hf6CNr8YO+r5UHr53tSTYZb102zyU50DOWWKeOv0uQLRL0/9EiKWCog==
  dependencies:
    mime-db "~1.38.0"

minimist@0.0.8:
  version "0.0.8"
  resolved "https://registry.yarnpkg.com/minimist/-/minimist-0.0.8.tgz#857fcabfc3397d2625b8228262e86aa7a011b05d"
  integrity sha1-hX/Kv8M5fSYluCKCYuhqp6ARsF0=

minipass@^2.2.1, minipass@^2.3.4:
  version "2.3.5"
  resolved "https://registry.yarnpkg.com/minipass/-/minipass-2.3.5.tgz#cacebe492022497f656b0f0f51e2682a9ed2d848"
  integrity sha512-Gi1W4k059gyRbyVUZQ4mEqLm0YIUiGYfvxhF6SIlk3ui1WVxMTGfGdQ2SInh3PDrRTVvPKgULkpJtT4RH10+VA==
  dependencies:
    safe-buffer "^5.1.2"
    yallist "^3.0.0"

minizlib@^1.1.1:
  version "1.2.1"
  resolved "https://registry.yarnpkg.com/minizlib/-/minizlib-1.2.1.tgz#dd27ea6136243c7c880684e8672bb3a45fd9b614"
  integrity sha512-7+4oTUOWKg7AuL3vloEWekXY2/D20cevzsrNT2kGWm+39J9hGTCBv8VI5Pm5lXZ/o3/mdR4f8rflAPhnQb8mPA==
  dependencies:
    minipass "^2.2.1"

mkdirp@^0.5.0:
  version "0.5.1"
  resolved "https://registry.yarnpkg.com/mkdirp/-/mkdirp-0.5.1.tgz#30057438eac6cf7f8c4767f38648d6697d75c903"
  integrity sha1-MAV0OOrGz3+MR2fzhkjWaX11yQM=
  dependencies:
    minimist "0.0.8"

ms@2.0.0:
  version "2.0.0"
  resolved "https://registry.yarnpkg.com/ms/-/ms-2.0.0.tgz#5608aeadfc00be6c2901df5f9861788de0d597c8"
  integrity sha1-VgiurfwAvmwpAd9fmGF4jeDVl8g=

ms@^2.1.1:
  version "2.1.1"
  resolved "https://registry.yarnpkg.com/ms/-/ms-2.1.1.tgz#30a5864eb3ebb0a66f2ebe6d727af06a09d86e0a"
  integrity sha512-tgp+dl5cGk28utYktBsrFqA7HKgrhgPsg6Z/EfhWI4gl1Hwq8B/GmY/0oXZ6nF8hDVesS/FpnYaD/kOWhYQvyg==

nanoid@^2.0.0:
  version "2.0.1"
  resolved "https://registry.yarnpkg.com/nanoid/-/nanoid-2.0.1.tgz#deb55cac196e3f138071911dabbc3726eb048864"
  integrity sha512-k1u2uemjIGsn25zmujKnotgniC/gxQ9sdegdezeDiKdkDW56THUMqlz3urndKCXJxA6yPzSZbXx/QCMe/pxqsA==

negotiator@0.6.1:
  version "0.6.1"
  resolved "https://registry.yarnpkg.com/negotiator/-/negotiator-0.6.1.tgz#2b327184e8992101177b28563fb5e7102acd0ca9"
  integrity sha1-KzJxhOiZIQEXeyhWP7XnECrNDKk=

node-forge@^0.8.1:
  version "0.8.2"
  resolved "https://registry.yarnpkg.com/node-forge/-/node-forge-0.8.2.tgz#b4bcc59fb12ce77a8825fc6a783dfe3182499c5a"
  integrity sha512-mXQ9GBq1N3uDCyV1pdSzgIguwgtVpM7f5/5J4ipz12PKWElmPpVWLDuWl8iXmhysr21+WmX/OJ5UKx82wjomgg==

object-component@0.0.3:
  version "0.0.3"
  resolved "https://registry.yarnpkg.com/object-component/-/object-component-0.0.3.tgz#f0c69aa50efc95b866c186f400a33769cb2f1291"
  integrity sha1-8MaapQ78lbhmwYb0AKM3acsvEpE=

parseqs@0.0.5:
  version "0.0.5"
  resolved "https://registry.yarnpkg.com/parseqs/-/parseqs-0.0.5.tgz#d5208a3738e46766e291ba2ea173684921a8b89d"
  integrity sha1-1SCKNzjkZ2bikbouoXNoSSGouJ0=
  dependencies:
    better-assert "~1.0.0"

parseuri@0.0.5:
  version "0.0.5"
  resolved "https://registry.yarnpkg.com/parseuri/-/parseuri-0.0.5.tgz#80204a50d4dbb779bfdc6ebe2778d90e4bce320a"
  integrity sha1-gCBKUNTbt3m/3G6+J3jZDkvOMgo=
  dependencies:
    better-assert "~1.0.0"

rpc1-socket-server@^1.0.1:
  version "1.0.1"
  resolved "https://registry.yarnpkg.com/rpc1-socket-server/-/rpc1-socket-server-1.0.1.tgz#21717e6e704e679a5262a3f3681afb50024895e8"
  integrity sha512-BkROG6KZpKnZRt8DZB32akdzD0diMjrhtg9LiPSsXA6Ixd8WpP6KVioSiS0/QbURY/b8INH3sh11lcdh/3mGhg==
  dependencies:
    "@types/node-forge" "^0.7.11"
    "@types/socket.io" "^2.1.2"
    events "^3.0.0"
    find-free-port "^2.0.0"
    node-forge "^0.8.1"
    socket.io "^2.2.0"
    tslib "^1.9.3"

rpc1-socket@^1.0.1:
  version "1.0.1"
  resolved "https://registry.yarnpkg.com/rpc1-socket/-/rpc1-socket-1.0.1.tgz#1e5e2824fc38eb6551498b0c367cd96ad27a1732"
  integrity sha512-JxBt2E7B3z+xQR6cGCeNuDkrkRhM77pnXyDrs4gQ8KAofRK4EnW3CS7v0EhgXMI8tY3Y5oLeDg3bI1S0MFX85Q==
  dependencies:
    "@types/socket.io-client" "^1.4.32"
    socket.io-client "^2.2.0"
    tslib "^1.9.3"

rpc1@^1.0.1:
  version "1.0.1"
  resolved "https://registry.yarnpkg.com/rpc1/-/rpc1-1.0.1.tgz#3339012a7a93582ec7cd2c58664c2f977060d284"
  integrity sha512-k2SStolfemJiS1b0KjUGMZypePcCo558KE7eE+QN4qG/qJ8TxC8uP5mcwkOYOlu1vRY/r1YsosW3LXs3Lm9lFQ==
  dependencies:
    "@types/shortid" "^0.0.29"
    events "^3.0.0"
    shortid "^2.2.14"
    tslib "^1.9.3"

safe-buffer@^5.1.2:
  version "5.1.2"
  resolved "https://registry.yarnpkg.com/safe-buffer/-/safe-buffer-5.1.2.tgz#991ec69d296e0313747d59bdfd2b745c35f8828d"
  integrity sha512-Gd2UZBJDkXlY7GbJxfsE8/nvKkUEU1G38c1siN6QP6a9PT9MmHB8GnpscSmMJSoF8LOIrt8ud/wPtojys4G6+g==

shortid@^2.2.14:
  version "2.2.14"
  resolved "https://registry.yarnpkg.com/shortid/-/shortid-2.2.14.tgz#80db6aafcbc3e3a46850b3c88d39e051b84c8d18"
  integrity sha512-4UnZgr9gDdA1kaKj/38IiudfC3KHKhDc1zi/HSxd9FQDR0VLwH3/y79tZJLsVYPsJgIjeHjqIWaWVRJUj9qZOQ==
  dependencies:
    nanoid "^2.0.0"

socket.io-adapter@~1.1.0:
  version "1.1.1"
  resolved "https://registry.yarnpkg.com/socket.io-adapter/-/socket.io-adapter-1.1.1.tgz#2a805e8a14d6372124dd9159ad4502f8cb07f06b"
  integrity sha1-KoBeihTWNyEk3ZFZrUUC+MsH8Gs=

socket.io-client@2.2.0, socket.io-client@^2.2.0:
  version "2.2.0"
  resolved "https://registry.yarnpkg.com/socket.io-client/-/socket.io-client-2.2.0.tgz#84e73ee3c43d5020ccc1a258faeeb9aec2723af7"
  integrity sha512-56ZrkTDbdTLmBIyfFYesgOxsjcLnwAKoN4CiPyTVkMQj3zTUh0QAx3GbvIvLpFEOvQWu92yyWICxB0u7wkVbYA==
  dependencies:
    backo2 "1.0.2"
    base64-arraybuffer "0.1.5"
    component-bind "1.0.0"
    component-emitter "1.2.1"
    debug "~3.1.0"
    engine.io-client "~3.3.1"
    has-binary2 "~1.0.2"
    has-cors "1.1.0"
    indexof "0.0.1"
    object-component "0.0.3"
    parseqs "0.0.5"
    parseuri "0.0.5"
    socket.io-parser "~3.3.0"
    to-array "0.1.4"

socket.io-parser@~3.3.0:
  version "3.3.0"
  resolved "https://registry.yarnpkg.com/socket.io-parser/-/socket.io-parser-3.3.0.tgz#2b52a96a509fdf31440ba40fed6094c7d4f1262f"
  integrity sha512-hczmV6bDgdaEbVqhAeVMM/jfUfzuEZHsQg6eOmLgJht6G3mPKMxYm75w2+qhAQZ+4X+1+ATZ+QFKeOZD5riHng==
  dependencies:
    component-emitter "1.2.1"
    debug "~3.1.0"
    isarray "2.0.1"

socket.io@^2.2.0:
  version "2.2.0"
  resolved "https://registry.yarnpkg.com/socket.io/-/socket.io-2.2.0.tgz#f0f633161ef6712c972b307598ecd08c9b1b4d5b"
  integrity sha512-wxXrIuZ8AILcn+f1B4ez4hJTPG24iNgxBBDaJfT6MsyOhVYiTXWexGoPkd87ktJG8kQEcL/NBvRi64+9k4Kc0w==
  dependencies:
    debug "~4.1.0"
    engine.io "~3.3.1"
    has-binary2 "~1.0.2"
    socket.io-adapter "~1.1.0"
    socket.io-client "2.2.0"
    socket.io-parser "~3.3.0"

tar@^4.4.6:
  version "4.4.8"
  resolved "https://registry.yarnpkg.com/tar/-/tar-4.4.8.tgz#b19eec3fde2a96e64666df9fdb40c5ca1bc3747d"
  integrity sha512-LzHF64s5chPQQS0IYBn9IN5h3i98c12bo4NCO7e0sGM2llXQ3p2FGC5sdENN4cTW48O915Sh+x+EXx7XW96xYQ==
  dependencies:
    chownr "^1.1.1"
    fs-minipass "^1.2.5"
    minipass "^2.3.4"
    minizlib "^1.1.1"
    mkdirp "^0.5.0"
    safe-buffer "^5.1.2"
    yallist "^3.0.2"

to-array@0.1.4:
  version "0.1.4"
  resolved "https://registry.yarnpkg.com/to-array/-/to-array-0.1.4.tgz#17e6c11f73dd4f3d74cda7a4ff3238e9ad9bf890"
  integrity sha1-F+bBH3PdTz10zaek/zI46a2b+JA=

tslib@^1.9.3:
  version "1.9.3"
  resolved "https://registry.yarnpkg.com/tslib/-/tslib-1.9.3.tgz#d7e4dd79245d85428c4d7e4822a79917954ca286"
  integrity sha512-4krF8scpejhaOgqzBEcGM7yDIEfi0/8+8zDRZhNZZ2kjmHJ4hv3zCbQWxoJGz1iw5U0Jl0nma13xzHXcncMavQ==

uuid4@^1.1.4:
  version "1.1.4"
  resolved "https://registry.yarnpkg.com/uuid4/-/uuid4-1.1.4.tgz#80fa0618749110bdb8aa47cc2cc2167c6331f4eb"
  integrity sha512-Gr1q2k40LpF8CokcnQFjPDsdslzJbTCTBG5xQIEflUov431gFkY5KduiGIeKYAamkQnNn4IfdHJbLnl9Bib8TQ==

ws@~6.1.0:
  version "6.1.4"
  resolved "https://registry.yarnpkg.com/ws/-/ws-6.1.4.tgz#5b5c8800afab925e94ccb29d153c8d02c1776ef9"
  integrity sha512-eqZfL+NE/YQc1/ZynhojeV8q+H050oR8AZ2uIev7RU10svA9ZnJUddHcOUZTJLinZ9yEfdA2kSATS2qZK5fhJA==
  dependencies:
    async-limiter "~1.0.0"

xmlhttprequest-ssl@~1.5.4:
  version "1.5.5"
  resolved "https://registry.yarnpkg.com/xmlhttprequest-ssl/-/xmlhttprequest-ssl-1.5.5.tgz#c2876b06168aadc40e57d97e81191ac8f4398b3e"
  integrity sha1-wodrBhaKrcQOV9l+gRkayPQ5iz4=

yallist@^3.0.0, yallist@^3.0.2:
  version "3.0.3"
  resolved "https://registry.yarnpkg.com/yallist/-/yallist-3.0.3.tgz#b4b049e314be545e3ce802236d6cd22cd91c3de9"
  integrity sha512-S+Zk8DEWE6oKpV+vI3qWkaK+jSbIK86pCwe2IF/xwIpQ8jEuxpw9NyaGjmp9+BoJv5FV2piqCDcoCtStppiq2A==

yeast@0.1.2:
  version "0.1.2"
  resolved "https://registry.yarnpkg.com/yeast/-/yeast-0.1.2.tgz#008e06d8094320c372dbc2f8ed76a0ca6c8ac419"
  integrity sha1-AI4G2AlDIMNy28L47XagymyKxBk=
