# THIS IS AN AUTOGENERATED FILE. DO NOT EDIT THIS FILE DIRECTLY.
# yarn lockfile v1


"@babel/runtime@^7.4.3", "@babel/runtime@^7.4.5":
  version "7.4.5"
  resolved "https://registry.yarnpkg.com/@babel/runtime/-/runtime-7.4.5.tgz#582bb531f5f9dc67d2fcb682979894f75e253f12"
  integrity sha512-TuI4qpWZP6lGOGIuGWtp9sPluqYICmbk8T/1vpSysqJxRPkudh/ofFWyqdcMsDf2s7KvDL4/YHgKyvcS3g9CJQ==
  dependencies:
    regenerator-runtime "^0.13.2"

"@jest/types@^24.8.0":
  version "24.8.0"
  resolved "https://registry.yarnpkg.com/@jest/types/-/types-24.8.0.tgz#f31e25948c58f0abd8c845ae26fcea1491dea7ad"
  integrity sha512-g17UxVr2YfBtaMUxn9u/4+siG1ptg9IGYAYwvpwn61nBg779RXnjE/m7CxYcIzEt0AbHZZAHSEZNhkE2WxURVg==
  dependencies:
    "@types/istanbul-lib-coverage" "^2.0.0"
    "@types/istanbul-reports" "^1.1.1"
    "@types/yargs" "^12.0.9"

"@sheerun/mutationobserver-shim@^0.3.2":
  version "0.3.2"
  resolved "https://registry.yarnpkg.com/@sheerun/mutationobserver-shim/-/mutationobserver-shim-0.3.2.tgz#8013f2af54a2b7d735f71560ff360d3a8176a87b"
  integrity sha512-vTCdPp/T/Q3oSqwHmZ5Kpa9oI7iLtGl3RQaA/NyLHikvcrPxACkkKVr/XzkSPJWXHRhKGzVvb0urJsbMlRxi1Q==

"@types/istanbul-lib-coverage@*", "@types/istanbul-lib-coverage@^2.0.0":
  version "2.0.1"
  resolved "https://registry.yarnpkg.com/@types/istanbul-lib-coverage/-/istanbul-lib-coverage-2.0.1.tgz#42995b446db9a48a11a07ec083499a860e9138ff"
  integrity sha512-hRJD2ahnnpLgsj6KWMYSrmXkM3rm2Dl1qkx6IOFD5FnuNPXJIG5L0dhgKXCYTRMGzU4n0wImQ/xfmRc4POUFlg==

"@types/istanbul-lib-report@*":
  version "1.1.1"
  resolved "https://registry.yarnpkg.com/@types/istanbul-lib-report/-/istanbul-lib-report-1.1.1.tgz#e5471e7fa33c61358dd38426189c037a58433b8c"
  integrity sha512-3BUTyMzbZa2DtDI2BkERNC6jJw2Mr2Y0oGI7mRxYNBPxppbtEK1F66u3bKwU2g+wxwWI7PAoRpJnOY1grJqzHg==
  dependencies:
    "@types/istanbul-lib-coverage" "*"

"@types/istanbul-reports@^1.1.1":
  version "1.1.1"
  resolved "https://registry.yarnpkg.com/@types/istanbul-reports/-/istanbul-reports-1.1.1.tgz#7a8cbf6a406f36c8add871625b278eaf0b0d255a"
  integrity sha512-UpYjBi8xefVChsCoBpKShdxTllC9pwISirfoZsUa2AAdQg/Jd2KQGtSbw+ya7GPo7x/wAPlH6JBhKhAsXUEZNA==
  dependencies:
    "@types/istanbul-lib-coverage" "*"
    "@types/istanbul-lib-report" "*"

"@types/prop-types@*":
  version "15.7.1"
  resolved "https://registry.yarnpkg.com/@types/prop-types/-/prop-types-15.7.1.tgz#f1a11e7babb0c3cad68100be381d1e064c68f1f6"
  integrity sha512-CFzn9idOEpHrgdw8JsoTkaDDyRWk1jrzIV8djzcgpq0y9tG4B4lFT+Nxh52DVpDXV+n4+NPNv7M1Dj5uMp6XFg==

"@types/react-dom@^16.8.4":
  version "16.8.4"
  resolved "https://registry.yarnpkg.com/@types/react-dom/-/react-dom-16.8.4.tgz#7fb7ba368857c7aa0f4e4511c4710ca2c5a12a88"
  integrity sha512-eIRpEW73DCzPIMaNBDP5pPIpK1KXyZwNgfxiVagb5iGiz6da+9A5hslSX6GAQKdO7SayVCS/Fr2kjqprgAvkfA==
  dependencies:
    "@types/react" "*"

"@types/react@*", "@types/react@^16.8.17":
  version "16.8.19"
  resolved "https://registry.yarnpkg.com/@types/react/-/react-16.8.19.tgz#629154ef05e2e1985cdde94477deefd823ad9be3"
  integrity sha512-QzEzjrd1zFzY9cDlbIiFvdr+YUmefuuRYrPxmkwG0UQv5XF35gFIi7a95m1bNVcFU0VimxSZ5QVGSiBmlggQXQ==
  dependencies:
    "@types/prop-types" "*"
    csstype "^2.2.0"

"@types/redux@^3.6.0":
  version "3.6.0"
  resolved "https://registry.yarnpkg.com/@types/redux/-/redux-3.6.0.tgz#f1ebe1e5411518072e4fdfca5c76e16e74c1399a"
  integrity sha1-8evh5UEVGAcuT9/KXHbhbnTBOZo=
  dependencies:
    redux "*"

"@types/yargs@^12.0.9":
  version "12.0.12"
  resolved "https://registry.yarnpkg.com/@types/yargs/-/yargs-12.0.12.tgz#45dd1d0638e8c8f153e87d296907659296873916"
  integrity sha512-SOhuU4wNBxhhTHxYaiG5NY4HBhDIDnJF60GU+2LqHAdKKer86//e4yg69aENCtQ04n0ovz+tq2YPME5t5yp4pw==

ag-channel@^4.0.2:
  version "4.0.2"
  resolved "https://registry.yarnpkg.com/ag-channel/-/ag-channel-4.0.2.tgz#e0e79daef509ec50ec59c64c1a379aa08838ade3"
  integrity sha512-GU20s/ZGjt0L1H+OJ+bISlXnReWAh5t+HRHAMrBLWaAlKOnvkRr7hQ7Bv+1O/TPGmGA7hJGRiqNtoZkAnE9/MQ==
  dependencies:
    consumable-stream "^1.0.0"

ag-request@^1.0.0:
  version "1.0.0"
  resolved "https://registry.yarnpkg.com/ag-request/-/ag-request-1.0.0.tgz#3eeb77ef709cadac7758b74cc7b1836bc1a9194a"
  integrity sha512-2f7I0cQLMVyGAqjSewVMEFuAsJsIY6egdE16UHS636r+8c6Oevrv0j6SrOIXyRN6yuNT4PBuhiKmrhHbh9OvEg==
  dependencies:
    sc-errors "^2.0.0"

ansi-regex@^4.0.0:
  version "4.1.0"
  resolved "https://registry.yarnpkg.com/ansi-regex/-/ansi-regex-4.1.0.tgz#8b9f8f08cf1acb843756a839ca8c7e3168c51997"
  integrity sha512-1apePfXM1UOSqw0o9IiFAovVz9M5S1Dg+4TrDwfMewQ6p/rmMueb7tWZjQ1rx4Loy1ArBggoqGpfqqdI4rondg==

ansi-styles@^3.2.0, ansi-styles@^3.2.1:
  version "3.2.1"
  resolved "https://registry.yarnpkg.com/ansi-styles/-/ansi-styles-3.2.1.tgz#41fbb20243e50b12be0f04b8dedbf07520ce841d"
  integrity sha512-VT0ZI6kZRdTh8YyJw3SMbYm/u+NqfsAxEpWO0Pf9sq8/e94WxxOpPKx9FR1FlyCtOVDNOQ+8ntlqFxiRc+r5qA==
  dependencies:
    color-convert "^1.9.0"

async-limiter@~1.0.0:
  version "1.0.0"
  resolved "https://registry.yarnpkg.com/async-limiter/-/async-limiter-1.0.0.tgz#78faed8c3d074ab81f22b4e985d79e8738f720f8"
  integrity sha512-jp/uFnooOiO+L211eZOoSyzpOITMXx1rBITauYykG3BRYPu8h0UcxsPNB04RR5vo4Tyz3+ay17tR6JVf9qzYWg==

async-stream-emitter@^3.0.2:
  version "3.0.3"
  resolved "https://registry.yarnpkg.com/async-stream-emitter/-/async-stream-emitter-3.0.3.tgz#5bad06fba1247118805d94c6f6ace14f9100e0a9"
  integrity sha512-zXfmhWvPFWwzp5KEpdGrH3GDs1t0WZM6/Q2QoMerYFpc2z0H2KnXl4yNsN5PYNfcEym8leBWhoNxnijv646U0g==
  dependencies:
    stream-demux "^7.0.1"

asyngular-client@^5.4.1:
  version "5.4.1"
  resolved "https://registry.yarnpkg.com/asyngular-client/-/asyngular-client-5.4.1.tgz#5e4fbec51390d7cfcc1b3407dc2b135d1ed3c5ad"
  integrity sha512-yZeyj5xmvZex/4DqCBzPSa7CfoPbE5zfdZvRqGdQxeRm57yZPNxNpJPA6c4/3mNR3Lv3vLOCRwGAP2ebQAsNlA==
  dependencies:
    ag-channel "^4.0.2"
    ag-request "^1.0.0"
    async-stream-emitter "^3.0.2"
    buffer "^5.2.1"
    linked-list "^0.1.0"
    lodash.clonedeep "^4.5.0"
    querystring "^0.2.0"
    sc-errors "^2.0.0"
    sc-formatter "^3.0.2"
    stream-demux "^7.0.1"
    uuid "^3.2.1"
    ws "^6.1.2"

atob@^2.1.1:
  version "2.1.2"
  resolved "https://registry.yarnpkg.com/atob/-/atob-2.1.2.tgz#6d9517eb9e030d2436666651e86bd9f6f13533c9"
  integrity sha512-Wm6ukoaOGJi/73p/cl2GvLjTI5JM1k/O14isD73YML8StrH/7/lRFgmg8nICZgD3bZZvjwCGxtMOD3wWNAu8cg==

base64-js@^1.0.2:
  version "1.3.0"
  resolved "https://registry.yarnpkg.com/base64-js/-/base64-js-1.3.0.tgz#cab1e6118f051095e58b5281aea8c1cd22bfc0e3"
  integrity sha512-ccav/yGvoa80BQDljCxsmmQ3Xvx60/UpBIij5QN21W3wBi/hhIC9OoO+KLpu9IJTS9j4DRVJ3aDDF9cMSoa2lw==

buffer@^5.2.1:
  version "5.2.1"
  resolved "https://registry.yarnpkg.com/buffer/-/buffer-5.2.1.tgz#dd57fa0f109ac59c602479044dca7b8b3d0b71d6"
  integrity sha512-c+Ko0loDaFfuPWiL02ls9Xd3GO3cPVmUobQ6t3rXNUk304u6hGq+8N/kFi+QEIKhzK3uwolVhLzszmfLmMLnqg==
  dependencies:
    base64-js "^1.0.2"
    ieee754 "^1.1.4"

chalk@^2.0.1, chalk@^2.4.1:
  version "2.4.2"
  resolved "https://registry.yarnpkg.com/chalk/-/chalk-2.4.2.tgz#cd42541677a54333cf541a49108c1432b44c9424"
  integrity sha512-Mti+f9lpJNcwF4tWV8/OrTTtF1gZi+f8FqlyAdouralcFWFQWF2+NgCHShjkCb+IFBLq9buZwE1xckQU4peSuQ==
  dependencies:
    ansi-styles "^3.2.1"
    escape-string-regexp "^1.0.5"
    supports-color "^5.3.0"

color-convert@^1.9.0:
  version "1.9.3"
  resolved "https://registry.yarnpkg.com/color-convert/-/color-convert-1.9.3.tgz#bb71850690e1f136567de629d2d5471deda4c1e8"
  integrity sha512-QfAUtd+vFdAtFQcC8CCyYt1fYWxSqAiK2cSD6zDB8N3cpsEBAvRxp9zOGg6G/SHHJYAT88/az/IuDGALsNVbGg==
  dependencies:
    color-name "1.1.3"

color-name@1.1.3:
  version "1.1.3"
  resolved "https://registry.yarnpkg.com/color-name/-/color-name-1.1.3.tgz#a7d0558bd89c42f795dd42328f740831ca53bc25"
  integrity sha1-p9BVi9icQveV3UIyj3QIMcpTvCU=

consumable-stream@^1.0.0:
  version "1.0.0"
  resolved "https://registry.yarnpkg.com/consumable-stream/-/consumable-stream-1.0.0.tgz#5b0862414730834541792532ee4cf98e22a946f6"
  integrity sha512-CwX4ZzpSMWxTG9Q3tNM+UNlevMfWX1hjR033MlKkT8ChfH9R+Rl7YQu7FCeMMv4bRv9yO33p8aYoX0EwdijaUA==

css.escape@^1.5.1:
  version "1.5.1"
  resolved "https://registry.yarnpkg.com/css.escape/-/css.escape-1.5.1.tgz#42e27d4fa04ae32f931a4b4d4191fa9cddee97cb"
  integrity sha1-QuJ9T6BK4y+TGktNQZH6nN3ul8s=

css@^2.2.3:
  version "2.2.4"
  resolved "https://registry.yarnpkg.com/css/-/css-2.2.4.tgz#c646755c73971f2bba6a601e2cf2fd71b1298929"
  integrity sha512-oUnjmWpy0niI3x/mPL8dVEI1l7MnG3+HHyRPHf+YFSbK+svOhXpmSOcDURUh2aOCgl2grzrOPt1nHLuCVFULLw==
  dependencies:
    inherits "^2.0.3"
    source-map "^0.6.1"
    source-map-resolve "^0.5.2"
    urix "^0.1.0"

csstype@^2.2.0:
  version "2.6.5"
  resolved "https://registry.yarnpkg.com/csstype/-/csstype-2.6.5.tgz#1cd1dff742ebf4d7c991470ae71e12bb6751e034"
  integrity sha512-JsTaiksRsel5n7XwqPAfB0l3TFKdpjW/kgAELf9vrb5adGA7UCPLajKK5s3nFrcFm3Rkyp/Qkgl73ENc1UY3cA==

debe-socket@*, debe-socket@1.2.10:
  version "1.2.10"
  resolved "https://registry.yarnpkg.com/debe-socket/-/debe-socket-1.2.10.tgz#570a66ede8784c80a2d2d44252a1c44d6035bdcd"
  integrity sha512-hSQIQgWSXqP84m3G9QKR0tM6GdX+6w4GrGOX6YZW2Sh4AYGTNgCOhKvlPOCYXkqu9Xu1vRD1wEXxsy/la2U+ow==
  dependencies:
    asyngular-client "^5.4.1"
    debe "1.2.10"
    tslib "^1.9.3"

debe-sync@*:
  version "1.2.10"
  resolved "https://registry.yarnpkg.com/debe-sync/-/debe-sync-1.2.10.tgz#ef20159374c1e05f9b7e3c60f99073f475fa8838"
  integrity sha512-UR64m7N8e0qwl1m8tDvLvGYv8FwMMtkEH9+0ZS8x/7gS4t3gt36u1zB5i5oXPjN4vt859GTifQf/bx6nAMtghw==
  dependencies:
    asyngular-client "^5.4.1"
    debe "1.2.10"
    debe-socket "1.2.10"
    tslib "^1.9.3"

debe@*, debe@1.2.10:
  version "1.2.10"
  resolved "https://registry.yarnpkg.com/debe/-/debe-1.2.10.tgz#080c682081d258473ffb89d7423e35b4ac8fc59d"
  integrity sha512-NgZ9+3CXnIrOf2m1MsEuuVw6QbgJ9+Kc6fKj0Nl/vy9UWRwhgngpyzyHQhS8Djb3Gq/nw70hmXwmAenHVJgoyg==
  dependencies:
    tslib "^1.9.3"

decode-uri-component@^0.2.0:
  version "0.2.0"
  resolved "https://registry.yarnpkg.com/decode-uri-component/-/decode-uri-component-0.2.0.tgz#eb3913333458775cb84cd1a1fae062106bb87545"
  integrity sha1-6zkTMzRYd1y4TNGh+uBiEGu4dUU=

diff-sequences@^24.3.0:
  version "24.3.0"
  resolved "https://registry.yarnpkg.com/diff-sequences/-/diff-sequences-24.3.0.tgz#0f20e8a1df1abddaf4d9c226680952e64118b975"
  integrity sha512-xLqpez+Zj9GKSnPWS0WZw1igGocZ+uua8+y+5dDNTT934N3QuY1sp2LkHzwiaYQGz60hMq0pjAshdeXm5VUOEw==

dom-testing-library@^4.1.0:
  version "4.1.1"
  resolved "https://registry.yarnpkg.com/dom-testing-library/-/dom-testing-library-4.1.1.tgz#615af61bee06db51bd8ecea60c113eba7cb49dda"
  integrity sha512-PUsG7aY5BJxzulDrOtkksqudRRypcVQF6d4RGAyj9xNwallOFqrNLOyg2QW2mCpFaNVPELX8hBX/wbHQtOto/A==
  dependencies:
    "@babel/runtime" "^7.4.3"
    "@sheerun/mutationobserver-shim" "^0.3.2"
    pretty-format "^24.7.0"
    wait-for-expect "^1.1.1"

escape-string-regexp@^1.0.5:
  version "1.0.5"
  resolved "https://registry.yarnpkg.com/escape-string-regexp/-/escape-string-regexp-1.0.5.tgz#1b61c0562190a8dff6ae3bb2cf0200ca130b86d4"
  integrity sha1-G2HAViGQqN/2rjuyzwIAyhMLhtQ=

has-flag@^3.0.0:
  version "3.0.0"
  resolved "https://registry.yarnpkg.com/has-flag/-/has-flag-3.0.0.tgz#b5d454dc2199ae225699f3467e5a07f3b955bafd"
  integrity sha1-tdRU3CGZriJWmfNGfloH87lVuv0=

hoist-non-react-statics@^3.3.0:
  version "3.3.0"
  resolved "https://registry.yarnpkg.com/hoist-non-react-statics/-/hoist-non-react-statics-3.3.0.tgz#b09178f0122184fb95acf525daaecb4d8f45958b"
  integrity sha512-0XsbTXxgiaCDYDIWFcwkmerZPSwywfUqYmwT4jzewKTQSWoE6FCMoUVOeBJWK3E/CrWbxRG3m5GzY4lnIwGRBA==
  dependencies:
    react-is "^16.7.0"

ieee754@^1.1.4:
  version "1.1.13"
  resolved "https://registry.yarnpkg.com/ieee754/-/ieee754-1.1.13.tgz#ec168558e95aa181fd87d37f55c32bbcb6708b84"
  integrity sha512-4vf7I2LYV/HaWerSo3XmlMkp5eZ83i+/CDluXi/IGTs/O1sejBNhTtnxzmRZfvOUqj7lZjqHkeTvpgSFDlWZTg==

indent-string@^3.0.0:
  version "3.2.0"
  resolved "https://registry.yarnpkg.com/indent-string/-/indent-string-3.2.0.tgz#4a5fd6d27cc332f37e5419a504dbb837105c9289"
  integrity sha1-Sl/W0nzDMvN+VBmlBNu4NxBckok=

inherits@^2.0.3:
  version "2.0.3"
  resolved "https://registry.yarnpkg.com/inherits/-/inherits-2.0.3.tgz#633c2c83e3da42a502f52466022480f4208261de"
  integrity sha1-Yzwsg+PaQqUC9SRmAiSA9CCCYd4=

invariant@^2.2.4:
  version "2.2.4"
  resolved "https://registry.yarnpkg.com/invariant/-/invariant-2.2.4.tgz#610f3c92c9359ce1db616e538008d23ff35158e6"
  integrity sha512-phJfQVBuaJM5raOpJjSfkiD6BpbCE4Ns//LaXl6wGYtUBY83nWS6Rf9tXm2e8VaK60JEjYldbPif/A2B1C2gNA==
  dependencies:
    loose-envify "^1.0.0"

jest-diff@^24.0.0, jest-diff@^24.8.0:
  version "24.8.0"
  resolved "https://registry.yarnpkg.com/jest-diff/-/jest-diff-24.8.0.tgz#146435e7d1e3ffdf293d53ff97e193f1d1546172"
  integrity sha512-wxetCEl49zUpJ/bvUmIFjd/o52J+yWcoc5ZyPq4/W1LUKGEhRYDIbP1KcF6t+PvqNrGAFk4/JhtxDq/Nnzs66g==
  dependencies:
    chalk "^2.0.1"
    diff-sequences "^24.3.0"
    jest-get-type "^24.8.0"
    pretty-format "^24.8.0"

jest-dom@^3.2.2:
  version "3.5.0"
  resolved "https://registry.yarnpkg.com/jest-dom/-/jest-dom-3.5.0.tgz#715908b545c0d66a0eba9d21fc59357fac024f43"
  integrity sha512-xHnP3Qo/29oLAo2iixaZsoDrm3XKSVrMH5Wf2ZEiLychJQBTNzOeVMPxrCygCgJiyQMbnymXltme8bPzuiGOIA==
  dependencies:
    chalk "^2.4.1"
    css "^2.2.3"
    css.escape "^1.5.1"
    jest-diff "^24.0.0"
    jest-matcher-utils "^24.0.0"
    lodash "^4.17.11"
    pretty-format "^24.0.0"
    redent "^2.0.0"

jest-get-type@^24.8.0:
  version "24.8.0"
  resolved "https://registry.yarnpkg.com/jest-get-type/-/jest-get-type-24.8.0.tgz#a7440de30b651f5a70ea3ed7ff073a32dfe646fc"
  integrity sha512-RR4fo8jEmMD9zSz2nLbs2j0zvPpk/KCEz3a62jJWbd2ayNo0cb+KFRxPHVhE4ZmgGJEQp0fosmNz84IfqM8cMQ==

jest-matcher-utils@^24.0.0:
  version "24.8.0"
  resolved "https://registry.yarnpkg.com/jest-matcher-utils/-/jest-matcher-utils-24.8.0.tgz#2bce42204c9af12bde46f83dc839efe8be832495"
  integrity sha512-lex1yASY51FvUuHgm0GOVj7DCYEouWSlIYmCW7APSqB9v8mXmKSn5+sWVF0MhuASG0bnYY106/49JU1FZNl5hw==
  dependencies:
    chalk "^2.0.1"
    jest-diff "^24.8.0"
    jest-get-type "^24.8.0"
    pretty-format "^24.8.0"

"js-tokens@^3.0.0 || ^4.0.0":
  version "4.0.0"
  resolved "https://registry.yarnpkg.com/js-tokens/-/js-tokens-4.0.0.tgz#19203fb59991df98e3a287050d4647cdeaf32499"
  integrity sha512-RdJUflcE3cUzKiMqQgsCu06FPu9UdIJO0beYbPhHN4k6apgJtifcoCtT9bcxOpYBtpD2kCM6Sbzg4CausW/PKQ==

linked-list@^0.1.0:
  version "0.1.0"
  resolved "https://registry.yarnpkg.com/linked-list/-/linked-list-0.1.0.tgz#798b0ff97d1b92a4fd08480f55aea4e9d49d37bf"
  integrity sha1-eYsP+X0bkqT9CEgPVa6k6dSdN78=

lodash.clonedeep@^4.5.0:
  version "4.5.0"
  resolved "https://registry.yarnpkg.com/lodash.clonedeep/-/lodash.clonedeep-4.5.0.tgz#e23f3f9c4f8fbdde872529c1071857a086e5ccef"
  integrity sha1-4j8/nE+Pvd6HJSnBBxhXoIblzO8=

lodash@^4.17.11:
  version "4.17.11"
  resolved "https://registry.yarnpkg.com/lodash/-/lodash-4.17.11.tgz#b39ea6229ef607ecd89e2c8df12536891cac9b8d"
  integrity sha512-cQKh8igo5QUhZ7lg38DYWAxMvjSAKG0A8wGSVimP07SIUEK2UO+arSRKbRZWtelMtN5V0Hkwh5ryOto/SshYIg==

loose-envify@^1.0.0, loose-envify@^1.1.0, loose-envify@^1.4.0:
  version "1.4.0"
  resolved "https://registry.yarnpkg.com/loose-envify/-/loose-envify-1.4.0.tgz#71ee51fa7be4caec1a63839f7e682d8132d30caf"
  integrity sha512-lyuxPGr/Wfhrlem2CL/UcnUc1zcqKAImBDzukY7Y5F/yQiNdko6+fRLevlw1HgMySw7f611UIY408EtxRSoK3Q==
  dependencies:
    js-tokens "^3.0.0 || ^4.0.0"

object-assign@^4.1.1:
  version "4.1.1"
  resolved "https://registry.yarnpkg.com/object-assign/-/object-assign-4.1.1.tgz#2109adc7965887cfc05cbbd442cac8bfbb360863"
  integrity sha1-IQmtx5ZYh8/AXLvUQsrIv7s2CGM=

pretty-format@^24.0.0, pretty-format@^24.7.0, pretty-format@^24.8.0:
  version "24.8.0"
  resolved "https://registry.yarnpkg.com/pretty-format/-/pretty-format-24.8.0.tgz#8dae7044f58db7cb8be245383b565a963e3c27f2"
  integrity sha512-P952T7dkrDEplsR+TuY7q3VXDae5Sr7zmQb12JU/NDQa/3CH7/QW0yvqLcGN6jL+zQFKaoJcPc+yJxMTGmosqw==
  dependencies:
    "@jest/types" "^24.8.0"
    ansi-regex "^4.0.0"
    ansi-styles "^3.2.0"
    react-is "^16.8.4"

prop-types@^15.6.2, prop-types@^15.7.2:
  version "15.7.2"
  resolved "https://registry.yarnpkg.com/prop-types/-/prop-types-15.7.2.tgz#52c41e75b8c87e72b9d9360e0206b99dcbffa6c5"
  integrity sha512-8QQikdH7//R2vurIJSutZ1smHYTcLpRWEOlHnzcWHmBYrOGUysKwSsrC89BCiFj3CbrfJ/nXFdJepOVrY1GCHQ==
  dependencies:
    loose-envify "^1.4.0"
    object-assign "^4.1.1"
    react-is "^16.8.1"

querystring@^0.2.0:
  version "0.2.0"
  resolved "https://registry.yarnpkg.com/querystring/-/querystring-0.2.0.tgz#b209849203bb25df820da756e747005878521620"
  integrity sha1-sgmEkgO7Jd+CDadW50cAWHhSFiA=

react-dom@^16.9.0-alpha.0:
  version "16.9.0-alpha.0"
  resolved "https://registry.yarnpkg.com/react-dom/-/react-dom-16.9.0-alpha.0.tgz#9dfaec18ac1a500fa72cab7b70f2ae29d0cd7716"
  integrity sha512-BQ5gN42yIPuTnBvE6K9vSjNfDRpSNcYCs2sUx9XR5VaWKwlHTt3G6qIWK6zdXy8TYKb1+IxpsAI0RtbRdXQZ2A==
  dependencies:
    loose-envify "^1.1.0"
    object-assign "^4.1.1"
    prop-types "^15.6.2"
    scheduler "^0.14.0-alpha.0"

react-is@^16.7.0, react-is@^16.8.1, react-is@^16.8.4, react-is@^16.8.6:
  version "16.8.6"
  resolved "https://registry.yarnpkg.com/react-is/-/react-is-16.8.6.tgz#5bbc1e2d29141c9fbdfed456343fe2bc430a6a16"
  integrity sha512-aUk3bHfZ2bRSVFFbbeVS4i+lNPZr3/WM5jT2J5omUVV1zzcs1nAaf3l51ctA5FFvCRbhrH0bdAsRRQddFJZPtA==

react-redux@^7.1.0:
  version "7.1.0"
  resolved "https://registry.yarnpkg.com/react-redux/-/react-redux-7.1.0.tgz#72af7cf490a74acdc516ea9c1dd80e25af9ea0b2"
  integrity sha512-hyu/PoFK3vZgdLTg9ozbt7WF3GgX5+Yn3pZm5/96/o4UueXA+zj08aiSC9Mfj2WtD1bvpIb3C5yvskzZySzzaw==
  dependencies:
    "@babel/runtime" "^7.4.5"
    hoist-non-react-statics "^3.3.0"
    invariant "^2.2.4"
    loose-envify "^1.4.0"
    prop-types "^15.7.2"
    react-is "^16.8.6"

react-testing-library@^7.0.0:
  version "7.0.1"
  resolved "https://registry.yarnpkg.com/react-testing-library/-/react-testing-library-7.0.1.tgz#0cf113bb53a78599f018378f6854e91a52dbf205"
  integrity sha512-doQkM3/xPcIm22x9jgTkGxU8xqXg4iWvM1WwbbQ7CI5/EMk3DhloYBwMyk+Ywtta3dIAIh9sC7llXoKovf3L+w==
  dependencies:
    "@babel/runtime" "^7.4.3"
    dom-testing-library "^4.1.0"

react@^16.9.0-alpha.0:
  version "16.9.0-alpha.0"
  resolved "https://registry.yarnpkg.com/react/-/react-16.9.0-alpha.0.tgz#e350f3d8af36e3251079cbc90d304620e2f78ccb"
  integrity sha512-y4bu7rJvtnPPsIwOj7sp5Y2SqlOb0jFupfkdjWxxn8ZeqzUARgpR9wJBUVwW1/QosVdOblmApjo/j6iiAXnebA==
  dependencies:
    loose-envify "^1.1.0"
    object-assign "^4.1.1"
    prop-types "^15.6.2"
    scheduler "^0.14.0-alpha.0"

redent@^2.0.0:
  version "2.0.0"
  resolved "https://registry.yarnpkg.com/redent/-/redent-2.0.0.tgz#c1b2007b42d57eb1389079b3c8333639d5e1ccaa"
  integrity sha1-wbIAe0LVfrE4kHmzyDM2OdXhzKo=
  dependencies:
    indent-string "^3.0.0"
    strip-indent "^2.0.0"

redux@*, redux@^4.0.1:
  version "4.0.1"
  resolved "https://registry.yarnpkg.com/redux/-/redux-4.0.1.tgz#436cae6cc40fbe4727689d7c8fae44808f1bfef5"
  integrity sha512-R7bAtSkk7nY6O/OYMVR9RiBI+XghjF9rlbl5806HJbQph0LJVHZrU5oaO4q70eUKiqMRqm4y07KLTlMZ2BlVmg==
  dependencies:
    loose-envify "^1.4.0"
    symbol-observable "^1.2.0"

regenerator-runtime@^0.13.2:
  version "0.13.2"
  resolved "https://registry.yarnpkg.com/regenerator-runtime/-/regenerator-runtime-0.13.2.tgz#32e59c9a6fb9b1a4aff09b4930ca2d4477343447"
  integrity sha512-S/TQAZJO+D3m9xeN1WTI8dLKBBiRgXBlTJvbWjCThHWZj9EvHK70Ff50/tYj2J/fvBY6JtFVwRuazHN2E7M9BA==

resolve-url@^0.2.1:
  version "0.2.1"
  resolved "https://registry.yarnpkg.com/resolve-url/-/resolve-url-0.2.1.tgz#2c637fe77c893afd2a663fe21aa9080068e2052a"
  integrity sha1-LGN/53yJOv0qZj/iGqkIAGjiBSo=

sc-errors@^2.0.0:
  version "2.0.0"
  resolved "https://registry.yarnpkg.com/sc-errors/-/sc-errors-2.0.0.tgz#86029b0d9bc2b2ac4f7a6a0636d5ab98c28df3a2"
  integrity sha512-zLIg4GskHvkBM7gpKl7JrdU1FXVYsYCavsUeTILFIi/YsuOHLN9OTlFcMp6otb+ebpNEnpcDJI395YXZPif+fw==

sc-formatter@^3.0.2:
  version "3.0.2"
  resolved "https://registry.yarnpkg.com/sc-formatter/-/sc-formatter-3.0.2.tgz#9abdb14e71873ce7157714d3002477bbdb33c4e6"
  integrity sha512-9PbqYBpCq+OoEeRQ3QfFIGE6qwjjBcd2j7UjgDlhnZbtSnuGgHdcRklPKYGuYFH82V/dwd+AIpu8XvA1zqTd+A==

scheduler@^0.14.0-alpha.0:
  version "0.14.0"
  resolved "https://registry.yarnpkg.com/scheduler/-/scheduler-0.14.0.tgz#b392c23c9c14bfa2933d4740ad5603cc0d59ea5b"
  integrity sha512-9CgbS06Kki2f4R9FjLSITjZo5BZxPsryiRNyL3LpvrM9WxcVmhlqAOc9E+KQbeI2nqej4JIIbOsfdL51cNb4Iw==
  dependencies:
    loose-envify "^1.1.0"
    object-assign "^4.1.1"

source-map-resolve@^0.5.2:
  version "0.5.2"
  resolved "https://registry.yarnpkg.com/source-map-resolve/-/source-map-resolve-0.5.2.tgz#72e2cc34095543e43b2c62b2c4c10d4a9054f259"
  integrity sha512-MjqsvNwyz1s0k81Goz/9vRBe9SZdB09Bdw+/zYyO+3CuPk6fouTaxscHkgtE8jKvf01kVfl8riHzERQ/kefaSA==
  dependencies:
    atob "^2.1.1"
    decode-uri-component "^0.2.0"
    resolve-url "^0.2.1"
    source-map-url "^0.4.0"
    urix "^0.1.0"

source-map-url@^0.4.0:
  version "0.4.0"
  resolved "https://registry.yarnpkg.com/source-map-url/-/source-map-url-0.4.0.tgz#3e935d7ddd73631b97659956d55128e87b5084a3"
  integrity sha1-PpNdfd1zYxuXZZlW1VEo6HtQhKM=

source-map@^0.6.1:
  version "0.6.1"
  resolved "https://registry.yarnpkg.com/source-map/-/source-map-0.6.1.tgz#74722af32e9614e9c287a8d0bbde48b5e2f1a263"
  integrity sha512-UjgapumWlbMhkBgzT7Ykc5YXUT46F0iKu8SGXq0bcwP5dz/h0Plj6enJqjz1Zbq2l5WaqYnrVbwWOWMyF3F47g==

stream-demux@^7.0.1:
  version "7.0.1"
  resolved "https://registry.yarnpkg.com/stream-demux/-/stream-demux-7.0.1.tgz#86e3b25d19173e11f84e4ef711a1675d3c09879a"
  integrity sha512-IEWUmiXyMPgAlCG+YhpZpG4S6PMhzYXZITWz0OrqXdzBGpV5vWYiLRc31CJhE9E95dIh4Slwuo0aG/RT/1OvJA==
  dependencies:
    consumable-stream "^1.0.0"
    writable-consumable-stream "^1.1.1"

strip-indent@^2.0.0:
  version "2.0.0"
  resolved "https://registry.yarnpkg.com/strip-indent/-/strip-indent-2.0.0.tgz#5ef8db295d01e6ed6cbf7aab96998d7822527b68"
  integrity sha1-XvjbKV0B5u1sv3qrlpmNeCJSe2g=

supports-color@^5.3.0:
  version "5.5.0"
  resolved "https://registry.yarnpkg.com/supports-color/-/supports-color-5.5.0.tgz#e2e69a44ac8772f78a1ec0b35b689df6530efc8f"
  integrity sha512-QjVjwdXIt408MIiAqCX4oUKsgU2EqAGzs2Ppkm4aQYbjm+ZEWEcW4SfFNTr4uMNZma0ey4f5lgLrkB0aX0QMow==
  dependencies:
    has-flag "^3.0.0"

symbol-observable@^1.2.0:
  version "1.2.0"
  resolved "https://registry.yarnpkg.com/symbol-observable/-/symbol-observable-1.2.0.tgz#c22688aed4eab3cdc2dfeacbb561660560a00804"
  integrity sha512-e900nM8RRtGhlV36KGEU9k65K3mPb1WV70OdjfxlG2EAuM1noi/E/BaW/uMhL7bPEssK8QV57vN3esixjUvcXQ==

tslib@^1.9.3:
  version "1.9.3"
  resolved "https://registry.yarnpkg.com/tslib/-/tslib-1.9.3.tgz#d7e4dd79245d85428c4d7e4822a79917954ca286"
  integrity sha512-4krF8scpejhaOgqzBEcGM7yDIEfi0/8+8zDRZhNZZ2kjmHJ4hv3zCbQWxoJGz1iw5U0Jl0nma13xzHXcncMavQ==

urix@^0.1.0:
  version "0.1.0"
  resolved "https://registry.yarnpkg.com/urix/-/urix-0.1.0.tgz#da937f7a62e21fec1fd18d49b35c2935067a6c72"
  integrity sha1-2pN/emLiH+wf0Y1Js1wpNQZ6bHI=

uuid@^3.2.1:
  version "3.3.2"
  resolved "https://registry.yarnpkg.com/uuid/-/uuid-3.3.2.tgz#1b4af4955eb3077c501c23872fc6513811587131"
  integrity sha512-yXJmeNaw3DnnKAOKJE51sL/ZaYfWJRl1pK9dr19YFCu0ObS231AB1/LbqTKRAQ5kw8A90rA6fr4riOUpTZvQZA==

wait-for-expect@^1.1.1:
  version "1.2.0"
  resolved "https://registry.yarnpkg.com/wait-for-expect/-/wait-for-expect-1.2.0.tgz#fdab6a26e87d2039101db88bff3d8158e5c3e13f"
  integrity sha512-EJhKpA+5UHixduMBEGhTFuLuVgQBKWxkFbefOdj2bbk2/OpA5Opsc4aUTGmF+qJ+v3kTGxDRNYwKaT4j6g5n8Q==

writable-consumable-stream@^1.1.1:
  version "1.1.1"
  resolved "https://registry.yarnpkg.com/writable-consumable-stream/-/writable-consumable-stream-1.1.1.tgz#f6046da5df15debb344dfa3ce3fcddd7f5ddfaff"
  integrity sha512-qARFG8dkQo2kX72UB2gnNwyCBS4x64lFjaJgRQnfbmrJVnfMpmYCUlqLD4kwmsFw6LcWo0Qv5MzkHET2L99ezw==
  dependencies:
    consumable-stream "^1.0.0"

ws@^6.1.2:
  version "6.2.1"
  resolved "https://registry.yarnpkg.com/ws/-/ws-6.2.1.tgz#442fdf0a47ed64f59b6a5d8ff130f4748ed524fb"
  integrity sha512-GIyAXC2cB7LjvpgMt9EKS2ldqr0MTrORaleiOno6TweZ6r3TKtoFQWay/2PceJ3RuBasOHzXNn5Lrw1X0bEjqA==
  dependencies:
    async-limiter "~1.0.0"
